
Microsoft Visual Studio Solution File, Format Version 12.00
# Visual Studio Version 17
VisualStudioVersion = 17.4.33213.308
MinimumVisualStudioVersion = 10.0.40219.1
Project("{FAE04EC0-301F-11D3-BF4B-00C04F79EFBC}") = "Company_Project", "Company_Project.csproj", "{4E5B429F-5B6D-41C0-9DBB-34A0685C7E97}"
EndProject
Global
	GlobalSection(SolutionConfigurationPlatforms) = preSolution
		Debug|Any CPU = Debug|Any CPU
		Release|Any CPU = Release|Any CPU
	EndGlobalSection
	GlobalSection(ProjectConfigurationPlatforms) = postSolution
		{4E5B429F-5B6D-41C0-9DBB-34A0685C7E97}.Debug|Any CPU.ActiveCfg = Debug|Any CPU
		{4E5B429F-5B6D-41C0-9DBB-34A0685C7E97}.Debug|Any CPU.Build.0 = Debug|Any CPU
		{4E5B429F-5B6D-41C0-9DBB-34A0685C7E97}.Release|Any CPU.ActiveCfg = Release|Any CPU
		{4E5B429F-5B6D-41C0-9DBB-34A0685C7E97}.Release|Any CPU.Build.0 = Release|Any CPU
	EndGlobalSection
	GlobalSection(SolutionProperties) = preSolution
		HideSolutionNode = FALSE
	EndGlobalSection
	GlobalSection(ExtensibilityGlobals) = postSolution
		SolutionGuid = {FC74F042-A2C4-44D6-85CC-DC299B2C5B4A}
	EndGlobalSection
EndGlobal
